# THIS IS AN AUTOGENERATED FILE. DO NOT EDIT THIS FILE DIRECTLY.
# yarn lockfile v1


baby-racket@^2.0.3:
  version "2.0.3"
  resolved "https://registry.yarnpkg.com/baby-racket/-/baby-racket-2.0.3.tgz#fd3d5d5d3fd151372fedeeb726a42b91a81e5bf7"
  integrity sha512-9qRTaiwxm3b3af7onw2H47xKgulV2aEDEQtdxu0cF02yoAAB0xHQq3wdqaTQQoYfg54QTJjWRFgsU0VzSO3X7g==

binary-data@^0.6.0:
  version "0.6.0"
  resolved "https://registry.yarnpkg.com/binary-data/-/binary-data-0.6.0.tgz#72d635ee9e84199858d472396de0e218f9dfa0f2"
  integrity sha512-HGiT0ir03tS1u7iWdW5xjJfbPpvxH2qJbPFxXW0I3P5iOzkbjN/cJy5GlpAwmjHW5CiayGOxZ/ytLzXmYgdgqQ==
  dependencies:
    generate-function "^2.3.1"
    is-plain-object "^2.0.3"

generate-function@^2.3.1:
  version "2.3.1"
  resolved "https://registry.yarnpkg.com/generate-function/-/generate-function-2.3.1.tgz#f069617690c10c868e73b8465746764f97c3479f"
  integrity sha512-eeB5GfMNeevm/GRYq20ShmsaGcmI81kIX2K9XQx5miC8KdHaC6Jm0qQ8ZNeGOi7wYB8OsdxKs+Y2oVuTFuVwKQ==
  dependencies:
    is-property "^1.0.2"

is-plain-object@^2.0.3:
  version "2.0.4"
  resolved "https://registry.yarnpkg.com/is-plain-object/-/is-plain-object-2.0.4.tgz#2c163b3fafb1b606d9d17928f05c2a1c38e07677"
  integrity sha512-h5PpgXkWitc38BBMYawTYMWJHFZJVnBquFE57xFpjB8pJFiF6gZ+bU+WyI/yqXiFR5mdLsgYNaPe8uao6Uv9Og==
  dependencies:
    isobject "^3.0.1"

is-property@^1.0.2:
  version "1.0.2"
  resolved "https://registry.yarnpkg.com/is-property/-/is-property-1.0.2.tgz#57fe1c4e48474edd65b09911f26b1cd4095dda84"
  integrity sha512-Ks/IoX00TtClbGQr4TWXemAnktAQvYB7HzcCxDGqEZU6oCmb2INHuOoKxbtR+HFkmYWBKv/dOZtGRiAjDhj92g==

isobject@^3.0.1:
  version "3.0.1"
  resolved "https://registry.yarnpkg.com/isobject/-/isobject-3.0.1.tgz#4e431e92b11a9731636aa1f9c8d1ccbcfdab78df"
  integrity sha512-WhB9zCku7EGTj/HQQRz5aUQEUeoQZH2bWcltRErOpymJ4boYE6wL9Tbr23krRPSZ+C5zqNSrSw+Cc7sZZ4b7vg==

node-gimp@^0.0.3:
  version "0.0.3"
  resolved "https://registry.yarnpkg.com/node-gimp/-/node-gimp-0.0.3.tgz#c1a3924a97075021a1d8796f16df9f1fbd0ec685"
  integrity sha512-W6SX558jjfyd8avJJ8VptMTAmgmpBjDhB4B9lNLRLX20s78yH7fdLxFm4XF8KJDStvdOwFDcNJAN9mGsVh4XBg==
  dependencies:
    binary-data "^0.6.0"
